// !$*UTF8*$!
{
	archiveVersion = 1;
	classes = {
	};
	objectVersion = 50;
	objects = {

/* Begin PBXBuildFile section */
		691251922343B69D000283E7 /* AppDelegate.m in Sources */ = {isa = PBXBuildFile; fileRef = 691251912343B69D000283E7 /* AppDelegate.m */; };
		691251952343B69D000283E7 /* SceneDelegate.m in Sources */ = {isa = PBXBuildFile; fileRef = 691251942343B69D000283E7 /* SceneDelegate.m */; };
		691251982343B69D000283E7 /* ViewController.m in Sources */ = {isa = PBXBuildFile; fileRef = 691251972343B69D000283E7 /* ViewController.m */; };
		6912519B2343B69D000283E7 /* Main.storyboard in Resources */ = {isa = PBXBuildFile; fileRef = 691251992343B69D000283E7 /* Main.storyboard */; };
		6912519D2343B69E000283E7 /* Assets.xcassets in Resources */ = {isa = PBXBuildFile; fileRef = 6912519C2343B69E000283E7 /* Assets.xcassets */; };
		691251A02343B69E000283E7 /* LaunchScreen.storyboard in Resources */ = {isa = PBXBuildFile; fileRef = 6912519E2343B69E000283E7 /* LaunchScreen.storyboard */; };
		691251A32343B69E000283E7 /* main.m in Sources */ = {isa = PBXBuildFile; fileRef = 691251A22343B69E000283E7 /* main.m */; };
		691251AD2343B69E000283E7 /* __demoTests.m in Sources */ = {isa = PBXBuildFile; fileRef = 691251AC2343B69E000283E7 /* __demoTests.m */; };
		691251B82343B69E000283E7 /* __demoUITests.m in Sources */ = {isa = PBXBuildFile; fileRef = 691251B72343B69E000283E7 /* __demoUITests.m */; };
		6915389F2344896F00D3172A /* questions.plist in Resources */ = {isa = PBXBuildFile; fileRef = 6915389E2344896F00D3172A /* questions.plist */; };
		691538A223448B4600D3172A /* ZDquestionModel.m in Sources */ = {isa = PBXBuildFile; fileRef = 691538A123448B4600D3172A /* ZDquestionModel.m */; };
		691538A52344AA8C00D3172A /* NSArray+Log.m in Sources */ = {isa = PBXBuildFile; fileRef = 691538A42344AA8C00D3172A /* NSArray+Log.m */; };
		691538AB23451D1900D3172A /* UIImage+Radius.m in Sources */ = {isa = PBXBuildFile; fileRef = 691538AA23451D1900D3172A /* UIImage+Radius.m */; };
		699844CF23471424004120AC /* ZDWebViewController.m in Sources */ = {isa = PBXBuildFile; fileRef = 699844CE23471424004120AC /* ZDWebViewController.m */; };
		699844D823472F31004120AC /* InfoPlist.strings in Resources */ = {isa = PBXBuildFile; fileRef = 699844DA23472F31004120AC /* InfoPlist.strings */; };
/* End PBXBuildFile section */

/* Begin PBXContainerItemProxy section */
		691251A92343B69E000283E7 /* PBXContainerItemProxy */ = {
			isa = PBXContainerItemProxy;
			containerPortal = 691251852343B69D000283E7 /* Project object */;
			proxyType = 1;
			remoteGlobalIDString = 6912518C2343B69D000283E7;
			remoteInfo = "答题demo";
		};
		691251B42343B69E000283E7 /* PBXContainerItemProxy */ = {
			isa = PBXContainerItemProxy;
			containerPortal = 691251852343B69D000283E7 /* Project object */;
			proxyType = 1;
			remoteGlobalIDString = 6912518C2343B69D000283E7;
			remoteInfo = "答题demo";
		};
/* End PBXContainerItemProxy section */

/* Begin PBXFileReference section */
		6912518D2343B69D000283E7 /* 答题demo.app */ = {isa = PBXFileReference; explicitFileType = wrapper.application; includeInIndex = 0; path = "答题demo.app"; sourceTree = BUILT_PRODUCTS_DIR; };
		691251902343B69D000283E7 /* AppDelegate.h */ = {isa = PBXFileReference; lastKnownFileType = sourcecode.c.h; path = AppDelegate.h; sourceTree = "<group>"; };
		691251912343B69D000283E7 /* AppDelegate.m */ = {isa = PBXFileReference; lastKnownFileType = sourcecode.c.objc; path = AppDelegate.m; sourceTree = "<group>"; };
		691251932343B69D000283E7 /* SceneDelegate.h */ = {isa = PBXFileReference; lastKnownFileType = sourcecode.c.h; path = SceneDelegate.h; sourceTree = "<group>"; };
		691251942343B69D000283E7 /* SceneDelegate.m */ = {isa = PBXFileReference; lastKnownFileType = sourcecode.c.objc; path = SceneDelegate.m; sourceTree = "<group>"; };
		691251962343B69D000283E7 /* ViewController.h */ = {isa = PBXFileReference; lastKnownFileType = sourcecode.c.h; path = ViewController.h; sourceTree = "<group>"; };
		691251972343B69D000283E7 /* ViewController.m */ = {isa = PBXFileReference; lastKnownFileType = sourcecode.c.objc; path = ViewController.m; sourceTree = "<group>"; };
		6912519A2343B69D000283E7 /* Base */ = {isa = PBXFileReference; lastKnownFileType = file.storyboard; name = Base; path = Base.lproj/Main.storyboard; sourceTree = "<group>"; };
		6912519C2343B69E000283E7 /* Assets.xcassets */ = {isa = PBXFileReference; lastKnownFileType = folder.assetcatalog; path = Assets.xcassets; sourceTree = "<group>"; };
		6912519F2343B69E000283E7 /* Base */ = {isa = PBXFileReference; lastKnownFileType = file.storyboard; name = Base; path = Base.lproj/LaunchScreen.storyboard; sourceTree = "<group>"; };
		691251A12343B69E000283E7 /* Info.plist */ = {isa = PBXFileReference; lastKnownFileType = text.plist.xml; path = Info.plist; sourceTree = "<group>"; };
		691251A22343B69E000283E7 /* main.m */ = {isa = PBXFileReference; lastKnownFileType = sourcecode.c.objc; path = main.m; sourceTree = "<group>"; };
		691251A82343B69E000283E7 /* 答题demoTests.xctest */ = {isa = PBXFileReference; explicitFileType = wrapper.cfbundle; includeInIndex = 0; path = "答题demoTests.xctest"; sourceTree = BUILT_PRODUCTS_DIR; };
		691251AC2343B69E000283E7 /* __demoTests.m */ = {isa = PBXFileReference; lastKnownFileType = sourcecode.c.objc; path = __demoTests.m; sourceTree = "<group>"; };
		691251AE2343B69E000283E7 /* Info.plist */ = {isa = PBXFileReference; lastKnownFileType = text.plist.xml; path = Info.plist; sourceTree = "<group>"; };
		691251B32343B69E000283E7 /* 答题demoUITests.xctest */ = {isa = PBXFileReference; explicitFileType = wrapper.cfbundle; includeInIndex = 0; path = "答题demoUITests.xctest"; sourceTree = BUILT_PRODUCTS_DIR; };
		691251B72343B69E000283E7 /* __demoUITests.m */ = {isa = PBXFileReference; lastKnownFileType = sourcecode.c.objc; path = __demoUITests.m; sourceTree = "<group>"; };
		691251B92343B69E000283E7 /* Info.plist */ = {isa = PBXFileReference; lastKnownFileType = text.plist.xml; path = Info.plist; sourceTree = "<group>"; };
		6915389E2344896F00D3172A /* questions.plist */ = {isa = PBXFileReference; fileEncoding = 4; lastKnownFileType = text.plist.xml; path = questions.plist; sourceTree = "<group>"; };
		691538A023448B4600D3172A /* ZDquestionModel.h */ = {isa = PBXFileReference; lastKnownFileType = sourcecode.c.h; path = ZDquestionModel.h; sourceTree = "<group>"; };
		691538A123448B4600D3172A /* ZDquestionModel.m */ = {isa = PBXFileReference; lastKnownFileType = sourcecode.c.objc; path = ZDquestionModel.m; sourceTree = "<group>"; };
		691538A32344AA8C00D3172A /* NSArray+Log.h */ = {isa = PBXFileReference; lastKnownFileType = sourcecode.c.h; path = "NSArray+Log.h"; sourceTree = "<group>"; };
		691538A42344AA8C00D3172A /* NSArray+Log.m */ = {isa = PBXFileReference; lastKnownFileType = sourcecode.c.objc; path = "NSArray+Log.m"; sourceTree = "<group>"; };
		691538A923451D1900D3172A /* UIImage+Radius.h */ = {isa = PBXFileReference; lastKnownFileType = sourcecode.c.h; path = "UIImage+Radius.h"; sourceTree = "<group>"; };
		691538AA23451D1900D3172A /* UIImage+Radius.m */ = {isa = PBXFileReference; lastKnownFileType = sourcecode.c.objc; path = "UIImage+Radius.m"; sourceTree = "<group>"; };
		699844CD23471424004120AC /* ZDWebViewController.h */ = {isa = PBXFileReference; lastKnownFileType = sourcecode.c.h; path = ZDWebViewController.h; sourceTree = "<group>"; };
		699844CE23471424004120AC /* ZDWebViewController.m */ = {isa = PBXFileReference; lastKnownFileType = sourcecode.c.objc; path = ZDWebViewController.m; sourceTree = "<group>"; };
		699844D023472CFE004120AC /* zh-Hans */ = {isa = PBXFileReference; lastKnownFileType = text.plist.strings; name = "zh-Hans"; path = "zh-Hans.lproj/Main.strings"; sourceTree = "<group>"; };
		699844D123472CFE004120AC /* zh-Hans */ = {isa = PBXFileReference; lastKnownFileType = text.plist.strings; name = "zh-Hans"; path = "zh-Hans.lproj/LaunchScreen.strings"; sourceTree = "<group>"; };
		699844D223472D0D004120AC /* zh-Hant */ = {isa = PBXFileReference; lastKnownFileType = text.plist.strings; name = "zh-Hant"; path = "zh-Hant.lproj/Main.strings"; sourceTree = "<group>"; };
		699844D323472D0D004120AC /* zh-Hant */ = {isa = PBXFileReference; lastKnownFileType = text.plist.strings; name = "zh-Hant"; path = "zh-Hant.lproj/LaunchScreen.strings"; sourceTree = "<group>"; };
		699844D423472D11004120AC /* zh-HK */ = {isa = PBXFileReference; lastKnownFileType = text.plist.strings; name = "zh-HK"; path = "zh-HK.lproj/Main.strings"; sourceTree = "<group>"; };
		699844D523472D11004120AC /* zh-HK */ = {isa = PBXFileReference; lastKnownFileType = text.plist.strings; name = "zh-HK"; path = "zh-HK.lproj/LaunchScreen.strings"; sourceTree = "<group>"; };
		699844D923472F31004120AC /* zh-Hans */ = {isa = PBXFileReference; lastKnownFileType = text.plist.strings; name = "zh-Hans"; path = "zh-Hans.lproj/InfoPlist.strings"; sourceTree = "<group>"; };
		699844DB23472F3B004120AC /* en */ = {isa = PBXFileReference; lastKnownFileType = text.plist.strings; name = en; path = en.lproj/InfoPlist.strings; sourceTree = "<group>"; };
		699844DC23472F3B004120AC /* zh-HK */ = {isa = PBXFileReference; lastKnownFileType = text.plist.strings; name = "zh-HK"; path = "zh-HK.lproj/InfoPlist.strings"; sourceTree = "<group>"; };
		699844DD23472F3C004120AC /* zh-Hant */ = {isa = PBXFileReference; lastKnownFileType = text.plist.strings; name = "zh-Hant"; path = "zh-Hant.lproj/InfoPlist.strings"; sourceTree = "<group>"; };
/* End PBXFileReference section */

/* Begin PBXFrameworksBuildPhase section */
		6912518A2343B69D000283E7 /* Frameworks */ = {
			isa = PBXFrameworksBuildPhase;
			buildActionMask = 2147483647;
			files = (
			);
			runOnlyForDeploymentPostprocessing = 0;
		};
		691251A52343B69E000283E7 /* Frameworks */ = {
			isa = PBXFrameworksBuildPhase;
			buildActionMask = 2147483647;
			files = (
			);
			runOnlyForDeploymentPostprocessing = 0;
		};
		691251B02343B69E000283E7 /* Frameworks */ = {
			isa = PBXFrameworksBuildPhase;
			buildActionMask = 2147483647;
			files = (
			);
			runOnlyForDeploymentPostprocessing = 0;
		};
/* End PBXFrameworksBuildPhase section */

/* Begin PBXGroup section */
		691251842343B69D000283E7 = {
			isa = PBXGroup;
			children = (
				6912518F2343B69D000283E7 /* 答题demo */,
				691251AB2343B69E000283E7 /* 答题demoTests */,
				691251B62343B69E000283E7 /* 答题demoUITests */,
				6912518E2343B69D000283E7 /* Products */,
			);
			sourceTree = "<group>";
		};
		6912518E2343B69D000283E7 /* Products */ = {
			isa = PBXGroup;
			children = (
				6912518D2343B69D000283E7 /* 答题demo.app */,
				691251A82343B69E000283E7 /* 答题demoTests.xctest */,
				691251B32343B69E000283E7 /* 答题demoUITests.xctest */,
			);
			name = Products;
			sourceTree = "<group>";
		};
		6912518F2343B69D000283E7 /* 答题demo */ = {
			isa = PBXGroup;
			children = (
				6915389E2344896F00D3172A /* questions.plist */,
				691251902343B69D000283E7 /* AppDelegate.h */,
				691251912343B69D000283E7 /* AppDelegate.m */,
				691251932343B69D000283E7 /* SceneDelegate.h */,
				691251942343B69D000283E7 /* SceneDelegate.m */,
				691251962343B69D000283E7 /* ViewController.h */,
				691251972343B69D000283E7 /* ViewController.m */,
				699844CD23471424004120AC /* ZDWebViewController.h */,
				699844CE23471424004120AC /* ZDWebViewController.m */,
				691538A023448B4600D3172A /* ZDquestionModel.h */,
				691538A123448B4600D3172A /* ZDquestionModel.m */,
				691538A32344AA8C00D3172A /* NSArray+Log.h */,
				691538A42344AA8C00D3172A /* NSArray+Log.m */,
				691538A923451D1900D3172A /* UIImage+Radius.h */,
				691538AA23451D1900D3172A /* UIImage+Radius.m */,
				691251992343B69D000283E7 /* Main.storyboard */,
				6912519C2343B69E000283E7 /* Assets.xcassets */,
				6912519E2343B69E000283E7 /* LaunchScreen.storyboard */,
				691251A12343B69E000283E7 /* Info.plist */,
				699844DA23472F31004120AC /* InfoPlist.strings */,
				691251A22343B69E000283E7 /* main.m */,
			);
			path = "答题demo";
			sourceTree = "<group>";
		};
		691251AB2343B69E000283E7 /* 答题demoTests */ = {
			isa = PBXGroup;
			children = (
				691251AC2343B69E000283E7 /* __demoTests.m */,
				691251AE2343B69E000283E7 /* Info.plist */,
			);
			path = "答题demoTests";
			sourceTree = "<group>";
		};
		691251B62343B69E000283E7 /* 答题demoUITests */ = {
			isa = PBXGroup;
			children = (
				691251B72343B69E000283E7 /* __demoUITests.m */,
				691251B92343B69E000283E7 /* Info.plist */,
			);
			path = "答题demoUITests";
			sourceTree = "<group>";
		};
/* End PBXGroup section */

/* Begin PBXNativeTarget section */
		6912518C2343B69D000283E7 /* 答题demo */ = {
			isa = PBXNativeTarget;
			buildConfigurationList = 691251BC2343B69E000283E7 /* Build configuration list for PBXNativeTarget "答题demo" */;
			buildPhases = (
				691251892343B69D000283E7 /* Sources */,
				6912518A2343B69D000283E7 /* Frameworks */,
				6912518B2343B69D000283E7 /* Resources */,
			);
			buildRules = (
			);
			dependencies = (
			);
			name = "答题demo";
			productName = "答题demo";
			productReference = 6912518D2343B69D000283E7 /* 答题demo.app */;
			productType = "com.apple.product-type.application";
		};
		691251A72343B69E000283E7 /* 答题demoTests */ = {
			isa = PBXNativeTarget;
			buildConfigurationList = 691251BF2343B69E000283E7 /* Build configuration list for PBXNativeTarget "答题demoTests" */;
			buildPhases = (
				691251A42343B69E000283E7 /* Sources */,
				691251A52343B69E000283E7 /* Frameworks */,
				691251A62343B69E000283E7 /* Resources */,
			);
			buildRules = (
			);
			dependencies = (
				691251AA2343B69E000283E7 /* PBXTargetDependency */,
			);
			name = "答题demoTests";
			productName = "答题demoTests";
			productReference = 691251A82343B69E000283E7 /* 答题demoTests.xctest */;
			productType = "com.apple.product-type.bundle.unit-test";
		};
		691251B22343B69E000283E7 /* 答题demoUITests */ = {
			isa = PBXNativeTarget;
			buildConfigurationList = 691251C22343B69E000283E7 /* Build configuration list for PBXNativeTarget "答题demoUITests" */;
			buildPhases = (
				691251AF2343B69E000283E7 /* Sources */,
				691251B02343B69E000283E7 /* Frameworks */,
				691251B12343B69E000283E7 /* Resources */,
			);
			buildRules = (
			);
			dependencies = (
				691251B52343B69E000283E7 /* PBXTargetDependency */,
			);
			name = "答题demoUITests";
			productName = "答题demoUITests";
			productReference = 691251B32343B69E000283E7 /* 答题demoUITests.xctest */;
			productType = "com.apple.product-type.bundle.ui-testing";
		};
/* End PBXNativeTarget section */

/* Begin PBXProject section */
		691251852343B69D000283E7 /* Project object */ = {
			isa = PBXProject;
			attributes = {
				LastUpgradeCheck = 1100;
				ORGANIZATIONNAME = "Jude Leslie";
				TargetAttributes = {
					6912518C2343B69D000283E7 = {
						CreatedOnToolsVersion = 11.0;
					};
					691251A72343B69E000283E7 = {
						CreatedOnToolsVersion = 11.0;
						TestTargetID = 6912518C2343B69D000283E7;
					};
					691251B22343B69E000283E7 = {
						CreatedOnToolsVersion = 11.0;
						TestTargetID = 6912518C2343B69D000283E7;
					};
				};
			};
			buildConfigurationList = 691251882343B69D000283E7 /* Build configuration list for PBXProject "答题demo" */;
			compatibilityVersion = "Xcode 9.3";
			developmentRegion = en;
			hasScannedForEncodings = 0;
			knownRegions = (
				en,
				Base,
				"zh-Hans",
				"zh-Hant",
				"zh-HK",
			);
			mainGroup = 691251842343B69D000283E7;
			productRefGroup = 6912518E2343B69D000283E7 /* Products */;
			projectDirPath = "";
			projectRoot = "";
			targets = (
				6912518C2343B69D000283E7 /* 答题demo */,
				691251A72343B69E000283E7 /* 答题demoTests */,
				691251B22343B69E000283E7 /* 答题demoUITests */,
			);
		};
/* End PBXProject section */

/* Begin PBXResourcesBuildPhase section */
		6912518B2343B69D000283E7 /* Resources */ = {
			isa = PBXResourcesBuildPhase;
			buildActionMask = 2147483647;
			files = (
				6915389F2344896F00D3172A /* questions.plist in Resources */,
				691251A02343B69E000283E7 /* LaunchScreen.storyboard in Resources */,
				6912519D2343B69E000283E7 /* Assets.xcassets in Resources */,
				6912519B2343B69D000283E7 /* Main.storyboard in Resources */,
				699844D823472F31004120AC /* InfoPlist.strings in Resources */,
			);
			runOnlyForDeploymentPostprocessing = 0;
		};
		691251A62343B69E000283E7 /* Resources */ = {
			isa = PBXResourcesBuildPhase;
			buildActionMask = 2147483647;
			files = (
			);
			runOnlyForDeploymentPostprocessing = 0;
		};
		691251B12343B69E000283E7 /* Resources */ = {
			isa = PBXResourcesBuildPhase;
			buildActionMask = 2147483647;
			files = (
			);
			runOnlyForDeploymentPostprocessing = 0;
		};
/* End PBXResourcesBuildPhase section */

/* Begin PBXSourcesBuildPhase section */
		691251892343B69D000283E7 /* Sources */ = {
			isa = PBXSourcesBuildPhase;
			buildActionMask = 2147483647;
			files = (
				691538AB23451D1900D3172A /* UIImage+Radius.m in Sources */,
				691538A223448B4600D3172A /* ZDquestionModel.m in Sources */,
				691251982343B69D000283E7 /* ViewController.m in Sources */,
				699844CF23471424004120AC /* ZDWebViewController.m in Sources */,
				691251922343B69D000283E7 /* AppDelegate.m in Sources */,
				691538A52344AA8C00D3172A /* NSArray+Log.m in Sources */,
				691251A32343B69E000283E7 /* main.m in Sources */,
				691251952343B69D000283E7 /* SceneDelegate.m in Sources */,
			);
			runOnlyForDeploymentPostprocessing = 0;
		};
		691251A42343B69E000283E7 /* Sources */ = {
			isa = PBXSourcesBuildPhase;
			buildActionMask = 2147483647;
			files = (
				691251AD2343B69E000283E7 /* __demoTests.m in Sources */,
			);
			runOnlyForDeploymentPostprocessing = 0;
		};
		691251AF2343B69E000283E7 /* Sources */ = {
			isa = PBXSourcesBuildPhase;
			buildActionMask = 2147483647;
			files = (
				691251B82343B69E000283E7 /* __demoUITests.m in Sources */,
			);
			runOnlyForDeploymentPostprocessing = 0;
		};
/* End PBXSourcesBuildPhase section */

/* Begin PBXTargetDependency section */
		691251AA2343B69E000283E7 /* PBXTargetDependency */ = {
			isa = PBXTargetDependency;
			target = 6912518C2343B69D000283E7 /* 答题demo */;
			targetProxy = 691251A92343B69E000283E7 /* PBXContainerItemProxy */;
		};
		691251B52343B69E000283E7 /* PBXTargetDependency */ = {
			isa = PBXTargetDependency;
			target = 6912518C2343B69D000283E7 /* 答题demo */;
			targetProxy = 691251B42343B69E000283E7 /* PBXContainerItemProxy */;
		};
/* End PBXTargetDependency section */

/* Begin PBXVariantGroup section */
		691251992343B69D000283E7 /* Main.storyboard */ = {
			isa = PBXVariantGroup;
			children = (
				6912519A2343B69D000283E7 /* Base */,
				699844D023472CFE004120AC /* zh-Hans */,
				699844D223472D0D004120AC /* zh-Hant */,
				699844D423472D11004120AC /* zh-HK */,
			);
			name = Main.storyboard;
			sourceTree = "<group>";
		};
		6912519E2343B69E000283E7 /* LaunchScreen.storyboard */ = {
			isa = PBXVariantGroup;
			children = (
				6912519F2343B69E000283E7 /* Base */,
				699844D123472CFE004120AC /* zh-Hans */,
				699844D323472D0D004120AC /* zh-Hant */,
				699844D523472D11004120AC /* zh-HK */,
			);
			name = LaunchScreen.storyboard;
			sourceTree = "<group>";
		};
		699844DA23472F31004120AC /* InfoPlist.strings */ = {
			isa = PBXVariantGroup;
			children = (
				699844D923472F31004120AC /* zh-Hans */,
				699844DB23472F3B004120AC /* en */,
				699844DC23472F3B004120AC /* zh-HK */,
				699844DD23472F3C004120AC /* zh-Hant */,
			);
			name = InfoPlist.strings;
			sourceTree = "<group>";
		};
/* End PBXVariantGroup section */

/* Begin XCBuildConfiguration section */
		691251BA2343B69E000283E7 /* Debug */ = {
			isa = XCBuildConfiguration;
			buildSettings = {
				ALWAYS_SEARCH_USER_PATHS = NO;
				CLANG_ANALYZER_LOCALIZABILITY_NONLOCALIZED = YES;
				CLANG_ANALYZER_NONNULL = YES;
				CLANG_ANALYZER_NUMBER_OBJECT_CONVERSION = YES_AGGRESSIVE;
				CLANG_CXX_LANGUAGE_STANDARD = "gnu++14";
				CLANG_CXX_LIBRARY = "libc++";
				CLANG_ENABLE_MODULES = YES;
				CLANG_ENABLE_OBJC_ARC = YES;
				CLANG_ENABLE_OBJC_WEAK = YES;
				CLANG_WARN_BLOCK_CAPTURE_AUTORELEASING = YES;
				CLANG_WARN_BOOL_CONVERSION = YES;
				CLANG_WARN_COMMA = YES;
				CLANG_WARN_CONSTANT_CONVERSION = YES;
				CLANG_WARN_DEPRECATED_OBJC_IMPLEMENTATIONS = YES;
				CLANG_WARN_DIRECT_OBJC_ISA_USAGE = YES_ERROR;
				CLANG_WARN_DOCUMENTATION_COMMENTS = YES;
				CLANG_WARN_EMPTY_BODY = YES;
				CLANG_WARN_ENUM_CONVERSION = YES;
				CLANG_WARN_INFINITE_RECURSION = YES;
				CLANG_WARN_INT_CONVERSION = YES;
				CLANG_WARN_NON_LITERAL_NULL_CONVERSION = YES;
				CLANG_WARN_OBJC_IMPLICIT_RETAIN_SELF = YES;
				CLANG_WARN_OBJC_LITERAL_CONVERSION = YES;
				CLANG_WARN_OBJC_ROOT_CLASS = YES_ERROR;
				CLANG_WARN_RANGE_LOOP_ANALYSIS = YES;
				CLANG_WARN_STRICT_PROTOTYPES = YES;
				CLANG_WARN_SUSPICIOUS_MOVE = YES;
				CLANG_WARN_UNGUARDED_AVAILABILITY = YES_AGGRESSIVE;
				CLANG_WARN_UNREACHABLE_CODE = YES;
				CLANG_WARN__DUPLICATE_METHOD_MATCH = YES;
				COPY_PHASE_STRIP = NO;
				DEBUG_INFORMATION_FORMAT = dwarf;
				ENABLE_STRICT_OBJC_MSGSEND = YES;
				ENABLE_TESTABILITY = YES;
				GCC_C_LANGUAGE_STANDARD = gnu11;
				GCC_DYNAMIC_NO_PIC = NO;
				GCC_NO_COMMON_BLOCKS = YES;
				GCC_OPTIMIZATION_LEVEL = 0;
				GCC_PREPROCESSOR_DEFINITIONS = (
					"DEBUG=1",
					"$(inherited)",
				);
				GCC_WARN_64_TO_32_BIT_CONVERSION = YES;
				GCC_WARN_ABOUT_RETURN_TYPE = YES_ERROR;
				GCC_WARN_UNDECLARED_SELECTOR = YES;
				GCC_WARN_UNINITIALIZED_AUTOS = YES_AGGRESSIVE;
				GCC_WARN_UNUSED_FUNCTION = YES;
				GCC_WARN_UNUSED_VARIABLE = YES;
				IPHONEOS_DEPLOYMENT_TARGET = 12.0;
				MTL_ENABLE_DEBUG_INFO = INCLUDE_SOURCE;
				MTL_FAST_MATH = YES;
				ONLY_ACTIVE_ARCH = YES;
				SDKROOT = iphoneos;
			};
			name = Debug;
		};
		691251BB2343B69E000283E7 /* Release */ = {
			isa = XCBuildConfiguration;
			buildSettings = {
				ALWAYS_SEARCH_USER_PATHS = NO;
				CLANG_ANALYZER_LOCALIZABILITY_NONLOCALIZED = YES;
				CLANG_ANALYZER_NONNULL = YES;
				CLANG_ANALYZER_NUMBER_OBJECT_CONVERSION = YES_AGGRESSIVE;
				CLANG_CXX_LANGUAGE_STANDARD = "gnu++14";
				CLANG_CXX_LIBRARY = "libc++";
				CLANG_ENABLE_MODULES = YES;
				CLANG_ENABLE_OBJC_ARC = YES;
				CLANG_ENABLE_OBJC_WEAK = YES;
				CLANG_WARN_BLOCK_CAPTURE_AUTORELEASING = YES;
				CLANG_WARN_BOOL_CONVERSION = YES;
				CLANG_WARN_COMMA = YES;
				CLANG_WARN_CONSTANT_CONVERSION = YES;
				CLANG_WARN_DEPRECATED_OBJC_IMPLEMENTATIONS = YES;
				CLANG_WARN_DIRECT_OBJC_ISA_USAGE = YES_ERROR;
				CLANG_WARN_DOCUMENTATION_COMMENTS = YES;
				CLANG_WARN_EMPTY_BODY = YES;
				CLANG_WARN_ENUM_CONVERSION = YES;
				CLANG_WARN_INFINITE_RECURSION = YES;
				CLANG_WARN_INT_CONVERSION = YES;
				CLANG_WARN_NON_LITERAL_NULL_CONVERSION = YES;
				CLANG_WARN_OBJC_IMPLICIT_RETAIN_SELF = YES;
				CLANG_WARN_OBJC_LITERAL_CONVERSION = YES;
				CLANG_WARN_OBJC_ROOT_CLASS = YES_ERROR;
				CLANG_WARN_RANGE_LOOP_ANALYSIS = YES;
				CLANG_WARN_STRICT_PROTOTYPES = YES;
				CLANG_WARN_SUSPICIOUS_MOVE = YES;
				CLANG_WARN_UNGUARDED_AVAILABILITY = YES_AGGRESSIVE;
				CLANG_WARN_UNREACHABLE_CODE = YES;
				CLANG_WARN__DUPLICATE_METHOD_MATCH = YES;
				COPY_PHASE_STRIP = NO;
				DEBUG_INFORMATION_FORMAT = "dwarf-with-dsym";
				ENABLE_NS_ASSERTIONS = NO;
				ENABLE_STRICT_OBJC_MSGSEND = YES;
				GCC_C_LANGUAGE_STANDARD = gnu11;
				GCC_NO_COMMON_BLOCKS = YES;
				GCC_WARN_64_TO_32_BIT_CONVERSION = YES;
				GCC_WARN_ABOUT_RETURN_TYPE = YES_ERROR;
				GCC_WARN_UNDECLARED_SELECTOR = YES;
				GCC_WARN_UNINITIALIZED_AUTOS = YES_AGGRESSIVE;
				GCC_WARN_UNUSED_FUNCTION = YES;
				GCC_WARN_UNUSED_VARIABLE = YES;
				IPHONEOS_DEPLOYMENT_TARGET = 12.0;
				MTL_ENABLE_DEBUG_INFO = NO;
				MTL_FAST_MATH = YES;
				SDKROOT = iphoneos;
				VALIDATE_PRODUCT = YES;
			};
			name = Release;
		};
		691251BD2343B69E000283E7 /* Debug */ = {
			isa = XCBuildConfiguration;
			buildSettings = {
				ASSETCATALOG_COMPILER_APPICON_NAME = AppIcon;
				CODE_SIGN_STYLE = Automatic;
				DEVELOPMENT_TEAM = JVL8G7Q8BM;
				INFOPLIST_FILE = "答题demo/Info.plist";
				IPHONEOS_DEPLOYMENT_TARGET = 11.4;
				LD_RUNPATH_SEARCH_PATHS = (
					"$(inherited)",
					"@executable_path/Frameworks",
				);
				PRODUCT_BUNDLE_IDENTIFIER = "ThinkPad.--demo";
				PRODUCT_NAME = "$(TARGET_NAME)";
				TARGETED_DEVICE_FAMILY = "1,2";
			};
			name = Debug;
		};
		691251BE2343B69E000283E7 /* Release */ = {
			isa = XCBuildConfiguration;
			buildSettings = {
				ASSETCATALOG_COMPILER_APPICON_NAME = AppIcon;
				CODE_SIGN_STYLE = Automatic;
				DEVELOPMENT_TEAM = JVL8G7Q8BM;
				INFOPLIST_FILE = "答题demo/Info.plist";
				IPHONEOS_DEPLOYMENT_TARGET = 11.4;
				LD_RUNPATH_SEARCH_PATHS = (
					"$(inherited)",
					"@executable_path/Frameworks",
				);
				PRODUCT_BUNDLE_IDENTIFIER = "ThinkPad.--demo";
				PRODUCT_NAME = "$(TARGET_NAME)";
				TARGETED_DEVICE_FAMILY = "1,2";
			};
			name = Release;
		};
		691251C02343B69E000283E7 /* Debug */ = {
			isa = XCBuildConfiguration;
			buildSettings = {
				BUNDLE_LOADER = "$(TEST_HOST)";
				CODE_SIGN_STYLE = Automatic;
				DEVELOPMENT_TEAM = JVL8G7Q8BM;
				INFOPLIST_FILE = "答题demoTests/Info.plist";
				IPHONEOS_DEPLOYMENT_TARGET = 13.0;
				LD_RUNPATH_SEARCH_PATHS = (
					"$(inherited)",
					"@executable_path/Frameworks",
					"@loader_path/Frameworks",
				);
				PRODUCT_BUNDLE_IDENTIFIER = "ThinkPad.--demoTests";
				PRODUCT_NAME = "$(TARGET_NAME)";
				TARGETED_DEVICE_FAMILY = "1,2";
				TEST_HOST = "$(BUILT_PRODUCTS_DIR)/答题demo.app/答题demo";
			};
			name = Debug;
		};
		691251C12343B69E000283E7 /* Release */ = {
			isa = XCBuildConfiguration;
			buildSettings = {
				BUNDLE_LOADER = "$(TEST_HOST)";
				CODE_SIGN_STYLE = Automatic;
				DEVELOPMENT_TEAM = JVL8G7Q8BM;
				INFOPLIST_FILE = "答题demoTests/Info.plist";
				IPHONEOS_DEPLOYMENT_TARGET = 13.0;
				LD_RUNPATH_SEARCH_PATHS = (
					"$(inherited)",
					"@executable_path/Frameworks",
					"@loader_path/Frameworks",
				);
				PRODUCT_BUNDLE_IDENTIFIER = "ThinkPad.--demoTests";
				PRODUCT_NAME = "$(TARGET_NAME)";
				TARGETED_DEVICE_FAMILY = "1,2";
				TEST_HOST = "$(BUILT_PRODUCTS_DIR)/答题demo.app/答题demo";
			};
			name = Release;
		};
		691251C32343B69E000283E7 /* Debug */ = {
			isa = XCBuildConfiguration;
			buildSettings = {
				CODE_SIGN_STYLE = Automatic;
				DEVELOPMENT_TEAM = JVL8G7Q8BM;
				INFOPLIST_FILE = "答题demoUITests/Info.plist";
				LD_RUNPATH_SEARCH_PATHS = (
					"$(inherited)",
					"@executable_path/Frameworks",
					"@loader_path/Frameworks",
				);
				PRODUCT_BUNDLE_IDENTIFIER = "ThinkPad.--demoUITests";
				PRODUCT_NAME = "$(TARGET_NAME)";
				TARGETED_DEVICE_FAMILY = "1,2";
				TEST_TARGET_NAME = "答题demo";
			};
			name = Debug;
		};
		691251C42343B69E000283E7 /* Release */ = {
			isa = XCBuildConfiguration;
			buildSettings = {
				CODE_SIGN_STYLE = Automatic;
				DEVELOPMENT_TEAM = JVL8G7Q8BM;
				INFOPLIST_FILE = "答题demoUITests/Info.plist";
				LD_RUNPATH_SEARCH_PATHS = (
					"$(inherited)",
					"@executable_path/Frameworks",
					"@loader_path/Frameworks",
				);
				PRODUCT_BUNDLE_IDENTIFIER = "ThinkPad.--demoUITests";
				PRODUCT_NAME = "$(TARGET_NAME)";
				TARGETED_DEVICE_FAMILY = "1,2";
				TEST_TARGET_NAME = "答题demo";
			};
			name = Release;
		};
/* End XCBuildConfiguration section */

/* Begin XCConfigurationList section */
		691251882343B69D000283E7 /* Build configuration list for PBXProject "答题demo" */ = {
			isa = XCConfigurationList;
			buildConfigurations = (
				691251BA2343B69E000283E7 /* Debug */,
				691251BB2343B69E000283E7 /* Release */,
			);
			defaultConfigurationIsVisible = 0;
			defaultConfigurationName = Release;
		};
		691251BC2343B69E000283E7 /* Build configuration list for PBXNativeTarget "答题demo" */ = {
			isa = XCConfigurationList;
			buildConfigurations = (
				691251BD2343B69E000283E7 /* Debug */,
				691251BE2343B69E000283E7 /* Release */,
			);
			defaultConfigurationIsVisible = 0;
			defaultConfigurationName = Release;
		};
		691251BF2343B69E000283E7 /* Build configuration list for PBXNativeTarget "答题demoTests" */ = {
			isa = XCConfigurationList;
			buildConfigurations = (
				691251C02343B69E000283E7 /* Debug */,
				691251C12343B69E000283E7 /* Release */,
			);
			defaultConfigurationIsVisible = 0;
			defaultConfigurationName = Release;
		};
		691251C22343B69E000283E7 /* Build configuration list for PBXNativeTarget "答题demoUITests" */ = {
			isa = XCConfigurationList;
			buildConfigurations = (
				691251C32343B69E000283E7 /* Debug */,
				691251C42343B69E000283E7 /* Release */,
			);
			defaultConfigurationIsVisible = 0;
			defaultConfigurationName = Release;
		};
/* End XCConfigurationList section */
	};
	rootObject = 691251852343B69D000283E7 /* Project object */;
}
